// !$*UTF8*$!
{
	archiveVersion = 1;
	classes = {
	};
	objectVersion = 48;
	objects = {

/* Begin PBXBuildFile section */
		CBF60CFF1FD82F9400B25A8B /* AppDelegate.swift in Sources */ = {isa = PBXBuildFile; fileRef = CBF60CFE1FD82F9400B25A8B /* AppDelegate.swift */; };
		CBF60D011FD82F9400B25A8B /* HomeController.swift in Sources */ = {isa = PBXBuildFile; fileRef = CBF60D001FD82F9400B25A8B /* HomeController.swift */; };
		CBF60D041FD82F9400B25A8B /* Main.storyboard in Resources */ = {isa = PBXBuildFile; fileRef = CBF60D021FD82F9400B25A8B /* Main.storyboard */; };
		CBF60D061FD82F9400B25A8B /* Assets.xcassets in Resources */ = {isa = PBXBuildFile; fileRef = CBF60D051FD82F9400B25A8B /* Assets.xcassets */; };
		CBF60D091FD82F9400B25A8B /* LaunchScreen.storyboard in Resources */ = {isa = PBXBuildFile; fileRef = CBF60D071FD82F9400B25A8B /* LaunchScreen.storyboard */; };
		CBF60D111FD8346A00B25A8B /* Extentions.swift in Sources */ = {isa = PBXBuildFile; fileRef = CBF60D101FD8346A00B25A8B /* Extentions.swift */; };
/* End PBXBuildFile section */

/* Begin PBXFileReference section */
		CBF60CFB1FD82F9400B25A8B /* Y0u7u6e.app */ = {isa = PBXFileReference; explicitFileType = wrapper.application; includeInIndex = 0; path = Y0u7u6e.app; sourceTree = BUILT_PRODUCTS_DIR; };
		CBF60CFE1FD82F9400B25A8B /* AppDelegate.swift */ = {isa = PBXFileReference; lastKnownFileType = sourcecode.swift; path = AppDelegate.swift; sourceTree = "<group>"; };
		CBF60D001FD82F9400B25A8B /* HomeController.swift */ = {isa = PBXFileReference; lastKnownFileType = sourcecode.swift; path = HomeController.swift; sourceTree = "<group>"; };
		CBF60D031FD82F9400B25A8B /* Base */ = {isa = PBXFileReference; lastKnownFileType = file.storyboard; name = Base; path = Base.lproj/Main.storyboard; sourceTree = "<group>"; };
		CBF60D051FD82F9400B25A8B /* Assets.xcassets */ = {isa = PBXFileReference; lastKnownFileType = folder.assetcatalog; path = Assets.xcassets; sourceTree = "<group>"; };
		CBF60D081FD82F9400B25A8B /* Base */ = {isa = PBXFileReference; lastKnownFileType = file.storyboard; name = Base; path = Base.lproj/LaunchScreen.storyboard; sourceTree = "<group>"; };
		CBF60D0A1FD82F9400B25A8B /* Info.plist */ = {isa = PBXFileReference; lastKnownFileType = text.plist.xml; path = Info.plist; sourceTree = "<group>"; };
		CBF60D101FD8346A00B25A8B /* Extentions.swift */ = {isa = PBXFileReference; lastKnownFileType = sourcecode.swift; path = Extentions.swift; sourceTree = "<group>"; };
/* End PBXFileReference section */

/* Begin PBXFrameworksBuildPhase section */
		CBF60CF81FD82F9400B25A8B /* Frameworks */ = {
			isa = PBXFrameworksBuildPhase;
			buildActionMask = 2147483647;
			files = (
			);
			runOnlyForDeploymentPostprocessing = 0;
		};
/* End PBXFrameworksBuildPhase section */

/* Begin PBXGroup section */
		CBF60CF21FD82F9400B25A8B = {
			isa = PBXGroup;
			children = (
				CBF60CFD1FD82F9400B25A8B /* Y0u7u6e */,
				CBF60CFC1FD82F9400B25A8B /* Products */,
			);
			sourceTree = "<group>";
		};
		CBF60CFC1FD82F9400B25A8B /* Products */ = {
			isa = PBXGroup;
			children = (
				CBF60CFB1FD82F9400B25A8B /* Y0u7u6e.app */,
			);
			name = Products;
			sourceTree = "<group>";
		};
		CBF60CFD1FD82F9400B25A8B /* Y0u7u6e */ = {
			isa = PBXGroup;
			children = (
				CBF60CFE1FD82F9400B25A8B /* AppDelegate.swift */,
				CBF60D001FD82F9400B25A8B /* HomeController.swift */,
				CBF60D021FD82F9400B25A8B /* Main.storyboard */,
				CBF60D051FD82F9400B25A8B /* Assets.xcassets */,
				CBF60D071FD82F9400B25A8B /* LaunchScreen.storyboard */,
				CBF60D0A1FD82F9400B25A8B /* Info.plist */,
				CBF60D101FD8346A00B25A8B /* Extentions.swift */,
			);
			path = Y0u7u6e;
			sourceTree = "<group>";
		};
/* End PBXGroup section */

/* Begin PBXNativeTarget section */
		CBF60CFA1FD82F9400B25A8B /* Y0u7u6e */ = {
			isa = PBXNativeTarget;
			buildConfigurationList = CBF60D0D1FD82F9400B25A8B /* Build configuration list for PBXNativeTarget "Y0u7u6e" */;
			buildPhases = (
				CBF60CF71FD82F9400B25A8B /* Sources */,
				CBF60CF81FD82F9400B25A8B /* Frameworks */,
				CBF60CF91FD82F9400B25A8B /* Resources */,
			);
			buildRules = (
			);
			dependencies = (
			);
			name = Y0u7u6e;
			productName = Y0u7u6e;
			productReference = CBF60CFB1FD82F9400B25A8B /* Y0u7u6e.app */;
			productType = "com.apple.product-type.application";
		};
/* End PBXNativeTarget section */

/* Begin PBXProject section */
		CBF60CF31FD82F9400B25A8B /* Project object */ = {
			isa = PBXProject;
			attributes = {
				LastSwiftUpdateCheck = 0910;
				LastUpgradeCheck = 0910;
				ORGANIZATIONNAME = sergey.tereshkin;
				TargetAttributes = {
					CBF60CFA1FD82F9400B25A8B = {
						CreatedOnToolsVersion = 9.1;
						ProvisioningStyle = Automatic;
					};
				};
			};
			buildConfigurationList = CBF60CF61FD82F9400B25A8B /* Build configuration list for PBXProject "Y0u7u6e" */;
			compatibilityVersion = "Xcode 8.0";
			developmentRegion = en;
			hasScannedForEncodings = 0;
			knownRegions = (
				en,
				Base,
			);
			mainGroup = CBF60CF21FD82F9400B25A8B;
			productRefGroup = CBF60CFC1FD82F9400B25A8B /* Products */;
			projectDirPath = "";
			projectRoot = "";
			targets = (
				CBF60CFA1FD82F9400B25A8B /* Y0u7u6e */,
			);
		};
/* End PBXProject section */

/* Begin PBXResourcesBuildPhase section */
		CBF60CF91FD82F9400B25A8B /* Resources */ = {
			isa = PBXResourcesBuildPhase;
			buildActionMask = 2147483647;
			files = (
				CBF60D091FD82F9400B25A8B /* LaunchScreen.storyboard in Resources */,
				CBF60D061FD82F9400B25A8B /* Assets.xcassets in Resources */,
				CBF60D041FD82F9400B25A8B /* Main.storyboard in Resources */,
			);
			runOnlyForDeploymentPostprocessing = 0;
		};
/* End PBXResourcesBuildPhase section */

/* Begin PBXSourcesBuildPhase section */
		CBF60CF71FD82F9400B25A8B /* Sources */ = {
			isa = PBXSourcesBuildPhase;
			buildActionMask = 2147483647;
			files = (
				CBF60D011FD82F9400B25A8B /* HomeController.swift in Sources */,
				CBF60CFF1FD82F9400B25A8B /* AppDelegate.swift in Sources */,
				CBF60D111FD8346A00B25A8B /* Extentions.swift in Sources */,
			);
			runOnlyForDeploymentPostprocessing = 0;
		};
/* End PBXSourcesBuildPhase section */

/* Begin PBXVariantGroup section */
		CBF60D021FD82F9400B25A8B /* Main.storyboard */ = {
			isa = PBXVariantGroup;
			children = (
				CBF60D031FD82F9400B25A8B /* Base */,
			);
			name = Main.storyboard;
			sourceTree = "<group>";
		};
		CBF60D071FD82F9400B25A8B /* LaunchScreen.storyboard */ = {
			isa = PBXVariantGroup;
			children = (
				CBF60D081FD82F9400B25A8B /* Base */,
			);
			name = LaunchScreen.storyboard;
			sourceTree = "<group>";
		};
/* End PBXVariantGroup section */

/* Begin XCBuildConfiguration section */
		CBF60D0B1FD82F9400B25A8B /* Debug */ = {
			isa = XCBuildConfiguration;
			buildSettings = {
				ALWAYS_SEARCH_USER_PATHS = NO;
				CLANG_ANALYZER_NONNULL = YES;
				CLANG_ANALYZER_NUMBER_OBJECT_CONVERSION = YES_AGGRESSIVE;
				CLANG_CXX_LANGUAGE_STANDARD = "gnu++14";
				CLANG_CXX_LIBRARY = "libc++";
				CLANG_ENABLE_MODULES = YES;
				CLANG_ENABLE_OBJC_ARC = YES;
				CLANG_WARN_BLOCK_CAPTURE_AUTORELEASING = YES;
				CLANG_WARN_BOOL_CONVERSION = YES;
				CLANG_WARN_COMMA = YES;
				CLANG_WARN_CONSTANT_CONVERSION = YES;
				CLANG_WARN_DIRECT_OBJC_ISA_USAGE = YES_ERROR;
				CLANG_WARN_DOCUMENTATION_COMMENTS = YES;
				CLANG_WARN_EMPTY_BODY = YES;
				CLANG_WARN_ENUM_CONVERSION = YES;
				CLANG_WARN_INFINITE_RECURSION = YES;
				CLANG_WARN_INT_CONVERSION = YES;
				CLANG_WARN_NON_LITERAL_NULL_CONVERSION = YES;
				CLANG_WARN_OBJC_LITERAL_CONVERSION = YES;
				CLANG_WARN_OBJC_ROOT_CLASS = YES_ERROR;
				CLANG_WARN_RANGE_LOOP_ANALYSIS = YES;
				CLANG_WARN_STRICT_PROTOTYPES = YES;
				CLANG_WARN_SUSPICIOUS_MOVE = YES;
				CLANG_WARN_UNGUARDED_AVAILABILITY = YES_AGGRESSIVE;
				CLANG_WARN_UNREACHABLE_CODE = YES;
				CLANG_WARN__DUPLICATE_METHOD_MATCH = YES;
				CODE_SIGN_IDENTITY = "iPhone Developer";
				COPY_PHASE_STRIP = NO;
				DEBUG_INFORMATION_FORMAT = dwarf;
				ENABLE_STRICT_OBJC_MSGSEND = YES;
				ENABLE_TESTABILITY = YES;
				GCC_C_LANGUAGE_STANDARD = gnu11;
				GCC_DYNAMIC_NO_PIC = NO;
				GCC_NO_COMMON_BLOCKS = YES;
				GCC_OPTIMIZATION_LEVEL = 0;
				GCC_PREPROCESSOR_DEFINITIONS = (
					"DEBUG=1",
					"$(inherited)",
				);
				GCC_WARN_64_TO_32_BIT_CONVERSION = YES;
				GCC_WARN_ABOUT_RETURN_TYPE = YES_ERROR;
				GCC_WARN_UNDECLARED_SELECTOR = YES;
				GCC_WARN_UNINITIALIZED_AUTOS = YES_AGGRESSIVE;
				GCC_WARN_UNUSED_FUNCTION = YES;
				GCC_WARN_UNUSED_VARIABLE = YES;
				IPHONEOS_DEPLOYMENT_TARGET = 11.1;
				MTL_ENABLE_DEBUG_INFO = YES;
				ONLY_ACTIVE_ARCH = YES;
				SDKROOT = iphoneos;
				SWIFT_ACTIVE_COMPILATION_CONDITIONS = DEBUG;
				SWIFT_OPTIMIZATION_LEVEL = "-Onone";
			};
			name = Debug;
		};
		CBF60D0C1FD82F9400B25A8B /* Release */ = {
			isa = XCBuildConfiguration;
			buildSettings = {
				ALWAYS_SEARCH_USER_PATHS = NO;
				CLANG_ANALYZER_NONNULL = YES;
				CLANG_ANALYZER_NUMBER_OBJECT_CONVERSION = YES_AGGRESSIVE;
				CLANG_CXX_LANGUAGE_STANDARD = "gnu++14";
				CLANG_CXX_LIBRARY = "libc++";
				CLANG_ENABLE_MODULES = YES;
				CLANG_ENABLE_OBJC_ARC = YES;
				CLANG_WARN_BLOCK_CAPTURE_AUTORELEASING = YES;
				CLANG_WARN_BOOL_CONVERSION = YES;
				CLANG_WARN_COMMA = YES;
				CLANG_WARN_CONSTANT_CONVERSION = YES;
				CLANG_WARN_DIRECT_OBJC_ISA_USAGE = YES_ERROR;
				CLANG_WARN_DOCUMENTATION_COMMENTS = YES;
				CLANG_WARN_EMPTY_BODY = YES;
				CLANG_WARN_ENUM_CONVERSION = YES;
				CLANG_WARN_INFINITE_RECURSION = YES;
				CLANG_WARN_INT_CONVERSION = YES;
				CLANG_WARN_NON_LITERAL_NULL_CONVERSION = YES;
				CLANG_WARN_OBJC_LITERAL_CONVERSION = YES;
				CLANG_WARN_OBJC_ROOT_CLASS = YES_ERROR;
				CLANG_WARN_RANGE_LOOP_ANALYSIS = YES;
				CLANG_WARN_STRICT_PROTOTYPES = YES;
				CLANG_WARN_SUSPICIOUS_MOVE = YES;
				CLANG_WARN_UNGUARDED_AVAILABILITY = YES_AGGRESSIVE;
				CLANG_WARN_UNREACHABLE_CODE = YES;
				CLANG_WARN__DUPLICATE_METHOD_MATCH = YES;
				CODE_SIGN_IDENTITY = "iPhone Developer";
				COPY_PHASE_STRIP = NO;
				DEBUG_INFORMATION_FORMAT = "dwarf-with-dsym";
				ENABLE_NS_ASSERTIONS = NO;
				ENABLE_STRICT_OBJC_MSGSEND = YES;
				GCC_C_LANGUAGE_STANDARD = gnu11;
				GCC_NO_COMMON_BLOCKS = YES;
				GCC_WARN_64_TO_32_BIT_CONVERSION = YES;
				GCC_WARN_ABOUT_RETURN_TYPE = YES_ERROR;
				GCC_WARN_UNDECLARED_SELECTOR = YES;
				GCC_WARN_UNINITIALIZED_AUTOS = YES_AGGRESSIVE;
				GCC_WARN_UNUSED_FUNCTION = YES;
				GCC_WARN_UNUSED_VARIABLE = YES;
				IPHONEOS_DEPLOYMENT_TARGET = 11.1;
				MTL_ENABLE_DEBUG_INFO = NO;
				SDKROOT = iphoneos;
				SWIFT_OPTIMIZATION_LEVEL = "-Owholemodule";
				VALIDATE_PRODUCT = YES;
			};
			name = Release;
		};
		CBF60D0E1FD82F9400B25A8B /* Debug */ = {
			isa = XCBuildConfiguration;
			buildSettings = {
				ASSETCATALOG_COMPILER_APPICON_NAME = AppIcon;
				CODE_SIGN_STYLE = Automatic;
				DEVELOPMENT_TEAM = BS28VN32MJ;
				INFOPLIST_FILE = Y0u7u6e/Info.plist;
				IPHONEOS_DEPLOYMENT_TARGET = 9.3;
				LD_RUNPATH_SEARCH_PATHS = "$(inherited) @executable_path/Frameworks";
				PRODUCT_BUNDLE_IDENTIFIER = nerve.d4mage.Y0u7u6e;
				PRODUCT_NAME = "$(TARGET_NAME)";
				SWIFT_VERSION = 4.0;
				TARGETED_DEVICE_FAMILY = "1,2";
			};
			name = Debug;
		};
		CBF60D0F1FD82F9400B25A8B /* Release */ = {
			isa = XCBuildConfiguration;
			buildSettings = {
				ASSETCATALOG_COMPILER_APPICON_NAME = AppIcon;
				CODE_SIGN_STYLE = Automatic;
				DEVELOPMENT_TEAM = BS28VN32MJ;
				INFOPLIST_FILE = Y0u7u6e/Info.plist;
				IPHONEOS_DEPLOYMENT_TARGET = 9.3;
				LD_RUNPATH_SEARCH_PATHS = "$(inherited) @executable_path/Frameworks";
				PRODUCT_BUNDLE_IDENTIFIER = nerve.d4mage.Y0u7u6e;
				PRODUCT_NAME = "$(TARGET_NAME)";
				SWIFT_VERSION = 4.0;
				TARGETED_DEVICE_FAMILY = "1,2";
			};
			name = Release;
		};
/* End XCBuildConfiguration section */

/* Begin XCConfigurationList section */
		CBF60CF61FD82F9400B25A8B /* Build configuration list for PBXProject "Y0u7u6e" */ = {
			isa = XCConfigurationList;
			buildConfigurations = (
				CBF60D0B1FD82F9400B25A8B /* Debug */,
				CBF60D0C1FD82F9400B25A8B /* Release */,
			);
			defaultConfigurationIsVisible = 0;
			defaultConfigurationName = Release;
		};
		CBF60D0D1FD82F9400B25A8B /* Build configuration list for PBXNativeTarget "Y0u7u6e" */ = {
			isa = XCConfigurationList;
			buildConfigurations = (
				CBF60D0E1FD82F9400B25A8B /* Debug */,
				CBF60D0F1FD82F9400B25A8B /* Release */,
			);
			defaultConfigurationIsVisible = 0;
			defaultConfigurationName = Release;
		};
/* End XCConfigurationList section */
	};
	rootObject = CBF60CF31FD82F9400B25A8B /* Project object */;
}
